
Microsoft Visual Studio Solution File, Format Version 12.00
# Visual Studio Version 18
VisualStudioVersion = 18.1.11312.151 d18.0
MinimumVisualStudioVersion = 10.0.40219.1
Project("{9A19103F-16F7-4668-BE54-9A1E7A4F7556}") = "Catalogue.Domain", "src\Catalogue.Domain\Catalogue.Domain.csproj", "{F9DE5979-6AAD-4E2A-AA45-28270D954A46}"
EndProject
Project("{9A19103F-16F7-4668-BE54-9A1E7A4F7556}") = "Catalogue.Application", "src\Catalogue.Application\Catalogue.Application.csproj", "{9E0466F2-D4AD-40A0-90FC-21FFF4A0A7EA}"
EndProject
Project("{9A19103F-16F7-4668-BE54-9A1E7A4F7556}") = "SharedKernel", "src\SharedKernel\SharedKernel.csproj", "{786B9F13-2160-4BC7-9182-DC61E6BC6674}"
EndProject
Project("{9A19103F-16F7-4668-BE54-9A1E7A4F7556}") = "Catalogue.Infrastructure", "src\Catalogue.Infrastructure\Catalogue.Infrastructure.csproj", "{87840EA9-5B7C-4AB9-A5FB-52EAB93EABE7}"
EndProject
Project("{9A19103F-16F7-4668-BE54-9A1E7A4F7556}") = "API.Host", "src\API.Host\API.Host.csproj", "{EAE41725-0CEC-499D-BF05-DD00BB49DDFB}"
EndProject
Project("{9A19103F-16F7-4668-BE54-9A1E7A4F7556}") = "Catalogue.Domain.UnitTests", "tests\Catalogue.Domain.UnitTests\Catalogue.Domain.UnitTests.csproj", "{06867E9F-2212-4269-ADB7-F4612D70356D}"
EndProject
Project("{FAE04EC0-301F-11D3-BF4B-00C04F79EFBC}") = "API.Models", "src\API.Models\API.Models.csproj", "{648EA452-B06D-423D-81D0-BBC3B584C2BD}"
EndProject
Project("{FAE04EC0-301F-11D3-BF4B-00C04F79EFBC}") = "ValidationRules", "src\ValidationRules\ValidationRules.csproj", "{53DBD448-B969-4193-A4F9-7ADA1A0B618A}"
EndProject
Project("{FAE04EC0-301F-11D3-BF4B-00C04F79EFBC}") = "Shared.Application", "src\Shared.Application\Shared.Application.csproj", "{9CDE803F-C99F-4795-A434-038B33E0D294}"
EndProject
Project("{FAE04EC0-301F-11D3-BF4B-00C04F79EFBC}") = "API.Shared", "src\API.Shared\API.Shared.csproj", "{FD5AD58C-532C-4AE4-8B56-73528CD0EF4A}"
EndProject
Project("{FAE04EC0-301F-11D3-BF4B-00C04F79EFBC}") = "Shared.Domain", "src\Shared.Domain\Shared.Domain.csproj", "{27984494-8C0E-4D1B-8648-889A6EEBAB4F}"
EndProject
Project("{2150E333-8FDC-42A3-9474-1A3956D46DE8}") = "Contexts", "Contexts", "{407CAF19-D506-2637-4B8A-F4DE78C81282}"
EndProject
Project("{2150E333-8FDC-42A3-9474-1A3956D46DE8}") = "Catalogue", "Catalogue", "{02EA681E-C7D8-13C7-8484-4AC65E1B71E8}"
EndProject
Project("{2150E333-8FDC-42A3-9474-1A3956D46DE8}") = "Shared", "Shared", "{369CB01D-A1A7-72D2-AABC-3F0945D148A2}"
EndProject
Project("{2150E333-8FDC-42A3-9474-1A3956D46DE8}") = "Tests", "Tests", "{5835D766-9847-1D08-5E95-5A99FD0F495D}"
EndProject
Project("{2150E333-8FDC-42A3-9474-1A3956D46DE8}") = "Contexts", "Contexts", "{643747C7-0307-8931-84D8-A7D1915E22E5}"
EndProject
Project("{2150E333-8FDC-42A3-9474-1A3956D46DE8}") = "Catalogue", "Catalogue", "{7DC331D0-3EC4-40A6-69FB-1CBEB2E0D1EA}"
EndProject
Project("{2150E333-8FDC-42A3-9474-1A3956D46DE8}") = "Api", "Api", "{B59A68DF-FD34-45F2-BDFF-0E1663A4E96C}"
EndProject
Project("{2150E333-8FDC-42A3-9474-1A3956D46DE8}") = "Models", "Models", "{1FFBDB68-BF0E-421E-8004-F9C8451138AD}"
EndProject
Project("{2150E333-8FDC-42A3-9474-1A3956D46DE8}") = "Solution Items", "Solution Items", "{0351338B-80D2-46BA-A827-480A13129F19}"
	ProjectSection(SolutionItems) = preProject
		docker-compose.yml = docker-compose.yml
	EndProjectSection
EndProject
Global
	GlobalSection(SolutionConfigurationPlatforms) = preSolution
		Debug|Any CPU = Debug|Any CPU
		Release|Any CPU = Release|Any CPU
	EndGlobalSection
	GlobalSection(ProjectConfigurationPlatforms) = postSolution
		{F9DE5979-6AAD-4E2A-AA45-28270D954A46}.Debug|Any CPU.ActiveCfg = Debug|Any CPU
		{F9DE5979-6AAD-4E2A-AA45-28270D954A46}.Debug|Any CPU.Build.0 = Debug|Any CPU
		{F9DE5979-6AAD-4E2A-AA45-28270D954A46}.Release|Any CPU.ActiveCfg = Release|Any CPU
		{F9DE5979-6AAD-4E2A-AA45-28270D954A46}.Release|Any CPU.Build.0 = Release|Any CPU
		{9E0466F2-D4AD-40A0-90FC-21FFF4A0A7EA}.Debug|Any CPU.ActiveCfg = Debug|Any CPU
		{9E0466F2-D4AD-40A0-90FC-21FFF4A0A7EA}.Debug|Any CPU.Build.0 = Debug|Any CPU
		{9E0466F2-D4AD-40A0-90FC-21FFF4A0A7EA}.Release|Any CPU.ActiveCfg = Release|Any CPU
		{9E0466F2-D4AD-40A0-90FC-21FFF4A0A7EA}.Release|Any CPU.Build.0 = Release|Any CPU
		{786B9F13-2160-4BC7-9182-DC61E6BC6674}.Debug|Any CPU.ActiveCfg = Debug|Any CPU
		{786B9F13-2160-4BC7-9182-DC61E6BC6674}.Debug|Any CPU.Build.0 = Debug|Any CPU
		{786B9F13-2160-4BC7-9182-DC61E6BC6674}.Release|Any CPU.ActiveCfg = Release|Any CPU
		{786B9F13-2160-4BC7-9182-DC61E6BC6674}.Release|Any CPU.Build.0 = Release|Any CPU
		{87840EA9-5B7C-4AB9-A5FB-52EAB93EABE7}.Debug|Any CPU.ActiveCfg = Debug|Any CPU
		{87840EA9-5B7C-4AB9-A5FB-52EAB93EABE7}.Debug|Any CPU.Build.0 = Debug|Any CPU
		{87840EA9-5B7C-4AB9-A5FB-52EAB93EABE7}.Release|Any CPU.ActiveCfg = Release|Any CPU
		{87840EA9-5B7C-4AB9-A5FB-52EAB93EABE7}.Release|Any CPU.Build.0 = Release|Any CPU
		{EAE41725-0CEC-499D-BF05-DD00BB49DDFB}.Debug|Any CPU.ActiveCfg = Debug|Any CPU
		{EAE41725-0CEC-499D-BF05-DD00BB49DDFB}.Debug|Any CPU.Build.0 = Debug|Any CPU
		{EAE41725-0CEC-499D-BF05-DD00BB49DDFB}.Release|Any CPU.ActiveCfg = Release|Any CPU
		{EAE41725-0CEC-499D-BF05-DD00BB49DDFB}.Release|Any CPU.Build.0 = Release|Any CPU
		{06867E9F-2212-4269-ADB7-F4612D70356D}.Debug|Any CPU.ActiveCfg = Debug|Any CPU
		{06867E9F-2212-4269-ADB7-F4612D70356D}.Debug|Any CPU.Build.0 = Debug|Any CPU
		{06867E9F-2212-4269-ADB7-F4612D70356D}.Release|Any CPU.ActiveCfg = Release|Any CPU
		{06867E9F-2212-4269-ADB7-F4612D70356D}.Release|Any CPU.Build.0 = Release|Any CPU
		{648EA452-B06D-423D-81D0-BBC3B584C2BD}.Debug|Any CPU.ActiveCfg = Debug|Any CPU
		{648EA452-B06D-423D-81D0-BBC3B584C2BD}.Debug|Any CPU.Build.0 = Debug|Any CPU
		{648EA452-B06D-423D-81D0-BBC3B584C2BD}.Release|Any CPU.ActiveCfg = Release|Any CPU
		{648EA452-B06D-423D-81D0-BBC3B584C2BD}.Release|Any CPU.Build.0 = Release|Any CPU
		{53DBD448-B969-4193-A4F9-7ADA1A0B618A}.Debug|Any CPU.ActiveCfg = Debug|Any CPU
		{53DBD448-B969-4193-A4F9-7ADA1A0B618A}.Debug|Any CPU.Build.0 = Debug|Any CPU
		{53DBD448-B969-4193-A4F9-7ADA1A0B618A}.Release|Any CPU.ActiveCfg = Release|Any CPU
		{53DBD448-B969-4193-A4F9-7ADA1A0B618A}.Release|Any CPU.Build.0 = Release|Any CPU
		{9CDE803F-C99F-4795-A434-038B33E0D294}.Debug|Any CPU.ActiveCfg = Debug|Any CPU
		{9CDE803F-C99F-4795-A434-038B33E0D294}.Debug|Any CPU.Build.0 = Debug|Any CPU
		{9CDE803F-C99F-4795-A434-038B33E0D294}.Release|Any CPU.ActiveCfg = Release|Any CPU
		{9CDE803F-C99F-4795-A434-038B33E0D294}.Release|Any CPU.Build.0 = Release|Any CPU
		{FD5AD58C-532C-4AE4-8B56-73528CD0EF4A}.Debug|Any CPU.ActiveCfg = Debug|Any CPU
		{FD5AD58C-532C-4AE4-8B56-73528CD0EF4A}.Debug|Any CPU.Build.0 = Debug|Any CPU
		{FD5AD58C-532C-4AE4-8B56-73528CD0EF4A}.Release|Any CPU.ActiveCfg = Release|Any CPU
		{FD5AD58C-532C-4AE4-8B56-73528CD0EF4A}.Release|Any CPU.Build.0 = Release|Any CPU
		{27984494-8C0E-4D1B-8648-889A6EEBAB4F}.Debug|Any CPU.ActiveCfg = Debug|Any CPU
		{27984494-8C0E-4D1B-8648-889A6EEBAB4F}.Debug|Any CPU.Build.0 = Debug|Any CPU
		{27984494-8C0E-4D1B-8648-889A6EEBAB4F}.Release|Any CPU.ActiveCfg = Release|Any CPU
		{27984494-8C0E-4D1B-8648-889A6EEBAB4F}.Release|Any CPU.Build.0 = Release|Any CPU
	EndGlobalSection
	GlobalSection(SolutionProperties) = preSolution
		HideSolutionNode = FALSE
	EndGlobalSection
	GlobalSection(NestedProjects) = preSolution
		{F9DE5979-6AAD-4E2A-AA45-28270D954A46} = {02EA681E-C7D8-13C7-8484-4AC65E1B71E8}
		{9E0466F2-D4AD-40A0-90FC-21FFF4A0A7EA} = {02EA681E-C7D8-13C7-8484-4AC65E1B71E8}
		{786B9F13-2160-4BC7-9182-DC61E6BC6674} = {369CB01D-A1A7-72D2-AABC-3F0945D148A2}
		{87840EA9-5B7C-4AB9-A5FB-52EAB93EABE7} = {02EA681E-C7D8-13C7-8484-4AC65E1B71E8}
		{EAE41725-0CEC-499D-BF05-DD00BB49DDFB} = {B59A68DF-FD34-45F2-BDFF-0E1663A4E96C}
		{06867E9F-2212-4269-ADB7-F4612D70356D} = {7DC331D0-3EC4-40A6-69FB-1CBEB2E0D1EA}
		{648EA452-B06D-423D-81D0-BBC3B584C2BD} = {1FFBDB68-BF0E-421E-8004-F9C8451138AD}
		{9CDE803F-C99F-4795-A434-038B33E0D294} = {369CB01D-A1A7-72D2-AABC-3F0945D148A2}
		{FD5AD58C-532C-4AE4-8B56-73528CD0EF4A} = {B59A68DF-FD34-45F2-BDFF-0E1663A4E96C}
		{27984494-8C0E-4D1B-8648-889A6EEBAB4F} = {369CB01D-A1A7-72D2-AABC-3F0945D148A2}
		{02EA681E-C7D8-13C7-8484-4AC65E1B71E8} = {407CAF19-D506-2637-4B8A-F4DE78C81282}
		{369CB01D-A1A7-72D2-AABC-3F0945D148A2} = {407CAF19-D506-2637-4B8A-F4DE78C81282}
		{643747C7-0307-8931-84D8-A7D1915E22E5} = {5835D766-9847-1D08-5E95-5A99FD0F495D}
		{7DC331D0-3EC4-40A6-69FB-1CBEB2E0D1EA} = {643747C7-0307-8931-84D8-A7D1915E22E5}
		{1FFBDB68-BF0E-421E-8004-F9C8451138AD} = {B59A68DF-FD34-45F2-BDFF-0E1663A4E96C}
	EndGlobalSection
	GlobalSection(ExtensibilityGlobals) = postSolution
		SolutionGuid = {ECBA3573-77FF-48F8-9215-D45822AFA550}
	EndGlobalSection
EndGlobal
